// !$*UTF8*$!
{
	archiveVersion = 1;
	classes = {
	};
	objectVersion = 56;
	objects = {

/* Begin PBXBuildFile section */
		64C6FB53294F773D008DBB17 /* swiftui_fundamentalsApp.swift in Sources */ = {isa = PBXBuildFile; fileRef = 64C6FB52294F773D008DBB17 /* swiftui_fundamentalsApp.swift */; };
		64C6FB55294F773D008DBB17 /* ContentView.swift in Sources */ = {isa = PBXBuildFile; fileRef = 64C6FB54294F773D008DBB17 /* ContentView.swift */; };
		64C6FB57294F773E008DBB17 /* Assets.xcassets in Resources */ = {isa = PBXBuildFile; fileRef = 64C6FB56294F773E008DBB17 /* Assets.xcassets */; };
		64C6FB5A294F773E008DBB17 /* Preview Assets.xcassets in Resources */ = {isa = PBXBuildFile; fileRef = 64C6FB59294F773E008DBB17 /* Preview Assets.xcassets */; };
		64C6FB64294F773E008DBB17 /* swiftui_fundamentalsTests.swift in Sources */ = {isa = PBXBuildFile; fileRef = 64C6FB63294F773E008DBB17 /* swiftui_fundamentalsTests.swift */; };
		64C6FB6E294F773E008DBB17 /* swiftui_fundamentalsUITests.swift in Sources */ = {isa = PBXBuildFile; fileRef = 64C6FB6D294F773E008DBB17 /* swiftui_fundamentalsUITests.swift */; };
		64C6FB70294F773E008DBB17 /* swiftui_fundamentalsUITestsLaunchTests.swift in Sources */ = {isa = PBXBuildFile; fileRef = 64C6FB6F294F773E008DBB17 /* swiftui_fundamentalsUITestsLaunchTests.swift */; };
/* End PBXBuildFile section */

/* Begin PBXContainerItemProxy section */
		64C6FB60294F773E008DBB17 /* PBXContainerItemProxy */ = {
			isa = PBXContainerItemProxy;
			containerPortal = 64C6FB47294F773D008DBB17 /* Project object */;
			proxyType = 1;
			remoteGlobalIDString = 64C6FB4E294F773D008DBB17;
			remoteInfo = "swiftui-fundamentals";
		};
		64C6FB6A294F773E008DBB17 /* PBXContainerItemProxy */ = {
			isa = PBXContainerItemProxy;
			containerPortal = 64C6FB47294F773D008DBB17 /* Project object */;
			proxyType = 1;
			remoteGlobalIDString = 64C6FB4E294F773D008DBB17;
			remoteInfo = "swiftui-fundamentals";
		};
/* End PBXContainerItemProxy section */

/* Begin PBXFileReference section */
		64C6FB4F294F773D008DBB17 /* swiftui-fundamentals.app */ = {isa = PBXFileReference; explicitFileType = wrapper.application; includeInIndex = 0; path = "swiftui-fundamentals.app"; sourceTree = BUILT_PRODUCTS_DIR; };
		64C6FB52294F773D008DBB17 /* swiftui_fundamentalsApp.swift */ = {isa = PBXFileReference; lastKnownFileType = sourcecode.swift; path = swiftui_fundamentalsApp.swift; sourceTree = "<group>"; };
		64C6FB54294F773D008DBB17 /* ContentView.swift */ = {isa = PBXFileReference; lastKnownFileType = sourcecode.swift; path = ContentView.swift; sourceTree = "<group>"; };
		64C6FB56294F773E008DBB17 /* Assets.xcassets */ = {isa = PBXFileReference; lastKnownFileType = folder.assetcatalog; path = Assets.xcassets; sourceTree = "<group>"; };
		64C6FB59294F773E008DBB17 /* Preview Assets.xcassets */ = {isa = PBXFileReference; lastKnownFileType = folder.assetcatalog; path = "Preview Assets.xcassets"; sourceTree = "<group>"; };
		64C6FB5F294F773E008DBB17 /* swiftui-fundamentalsTests.xctest */ = {isa = PBXFileReference; explicitFileType = wrapper.cfbundle; includeInIndex = 0; path = "swiftui-fundamentalsTests.xctest"; sourceTree = BUILT_PRODUCTS_DIR; };
		64C6FB63294F773E008DBB17 /* swiftui_fundamentalsTests.swift */ = {isa = PBXFileReference; lastKnownFileType = sourcecode.swift; path = swiftui_fundamentalsTests.swift; sourceTree = "<group>"; };
		64C6FB69294F773E008DBB17 /* swiftui-fundamentalsUITests.xctest */ = {isa = PBXFileReference; explicitFileType = wrapper.cfbundle; includeInIndex = 0; path = "swiftui-fundamentalsUITests.xctest"; sourceTree = BUILT_PRODUCTS_DIR; };
		64C6FB6D294F773E008DBB17 /* swiftui_fundamentalsUITests.swift */ = {isa = PBXFileReference; lastKnownFileType = sourcecode.swift; path = swiftui_fundamentalsUITests.swift; sourceTree = "<group>"; };
		64C6FB6F294F773E008DBB17 /* swiftui_fundamentalsUITestsLaunchTests.swift */ = {isa = PBXFileReference; lastKnownFileType = sourcecode.swift; path = swiftui_fundamentalsUITestsLaunchTests.swift; sourceTree = "<group>"; };
/* End PBXFileReference section */

/* Begin PBXFrameworksBuildPhase section */
		64C6FB4C294F773D008DBB17 /* Frameworks */ = {
			isa = PBXFrameworksBuildPhase;
			buildActionMask = 2147483647;
			files = (
			);
			runOnlyForDeploymentPostprocessing = 0;
		};
		64C6FB5C294F773E008DBB17 /* Frameworks */ = {
			isa = PBXFrameworksBuildPhase;
			buildActionMask = 2147483647;
			files = (
			);
			runOnlyForDeploymentPostprocessing = 0;
		};
		64C6FB66294F773E008DBB17 /* Frameworks */ = {
			isa = PBXFrameworksBuildPhase;
			buildActionMask = 2147483647;
			files = (
			);
			runOnlyForDeploymentPostprocessing = 0;
		};
/* End PBXFrameworksBuildPhase section */

/* Begin PBXGroup section */
		6407DFA329E269520090D271 /* Models */ = {
			isa = PBXGroup;
			children = (
			);
			path = Models;
			sourceTree = "<group>";
		};
		6407DFA429E269590090D271 /* ViewModels */ = {
			isa = PBXGroup;
			children = (
			);
			path = ViewModels;
			sourceTree = "<group>";
		};
		6407DFA529E269690090D271 /* Helpers */ = {
			isa = PBXGroup;
			children = (
			);
			path = Helpers;
			sourceTree = "<group>";
		};
		64C6FB46294F773D008DBB17 = {
			isa = PBXGroup;
			children = (
				64C6FB51294F773D008DBB17 /* swiftui-fundamentals */,
				64C6FB62294F773E008DBB17 /* swiftui-fundamentalsTests */,
				64C6FB6C294F773E008DBB17 /* swiftui-fundamentalsUITests */,
				64C6FB50294F773D008DBB17 /* Products */,
			);
			sourceTree = "<group>";
		};
		64C6FB50294F773D008DBB17 /* Products */ = {
			isa = PBXGroup;
			children = (
				64C6FB4F294F773D008DBB17 /* swiftui-fundamentals.app */,
				64C6FB5F294F773E008DBB17 /* swiftui-fundamentalsTests.xctest */,
				64C6FB69294F773E008DBB17 /* swiftui-fundamentalsUITests.xctest */,
			);
			name = Products;
			sourceTree = "<group>";
		};
		64C6FB51294F773D008DBB17 /* swiftui-fundamentals */ = {
			isa = PBXGroup;
			children = (
				64C6FB7C294F77A2008DBB17 /* App */,
				6407DFA329E269520090D271 /* Models */,
				64C6FB7D294F77A9008DBB17 /* Views */,
				6407DFA429E269590090D271 /* ViewModels */,
				6407DFA529E269690090D271 /* Helpers */,
				64C6FB58294F773E008DBB17 /* Preview Content */,
			);
			path = "swiftui-fundamentals";
			sourceTree = "<group>";
		};
		64C6FB58294F773E008DBB17 /* Preview Content */ = {
			isa = PBXGroup;
			children = (
				64C6FB59294F773E008DBB17 /* Preview Assets.xcassets */,
			);
			path = "Preview Content";
			sourceTree = "<group>";
		};
		64C6FB62294F773E008DBB17 /* swiftui-fundamentalsTests */ = {
			isa = PBXGroup;
			children = (
				64C6FB63294F773E008DBB17 /* swiftui_fundamentalsTests.swift */,
			);
			path = "swiftui-fundamentalsTests";
			sourceTree = "<group>";
		};
		64C6FB6C294F773E008DBB17 /* swiftui-fundamentalsUITests */ = {
			isa = PBXGroup;
			children = (
				64C6FB6D294F773E008DBB17 /* swiftui_fundamentalsUITests.swift */,
				64C6FB6F294F773E008DBB17 /* swiftui_fundamentalsUITestsLaunchTests.swift */,
			);
			path = "swiftui-fundamentalsUITests";
			sourceTree = "<group>";
		};
		64C6FB7C294F77A2008DBB17 /* App */ = {
			isa = PBXGroup;
			children = (
				64C6FB52294F773D008DBB17 /* swiftui_fundamentalsApp.swift */,
				64C6FB54294F773D008DBB17 /* ContentView.swift */,
				64C6FB56294F773E008DBB17 /* Assets.xcassets */,
			);
			path = App;
			sourceTree = "<group>";
		};
		64C6FB7D294F77A9008DBB17 /* Views */ = {
			isa = PBXGroup;
			children = (
			);
			path = Views;
			sourceTree = "<group>";
		};
/* End PBXGroup section */

/* Begin PBXNativeTarget section */
		64C6FB4E294F773D008DBB17 /* swiftui-fundamentals */ = {
			isa = PBXNativeTarget;
			buildConfigurationList = 64C6FB73294F773E008DBB17 /* Build configuration list for PBXNativeTarget "swiftui-fundamentals" */;
			buildPhases = (
				64C6FB4B294F773D008DBB17 /* Sources */,
				64C6FB4C294F773D008DBB17 /* Frameworks */,
				64C6FB4D294F773D008DBB17 /* Resources */,
			);
			buildRules = (
			);
			dependencies = (
			);
			name = "swiftui-fundamentals";
			productName = "swiftui-fundamentals";
			productReference = 64C6FB4F294F773D008DBB17 /* swiftui-fundamentals.app */;
			productType = "com.apple.product-type.application";
		};
		64C6FB5E294F773E008DBB17 /* swiftui-fundamentalsTests */ = {
			isa = PBXNativeTarget;
			buildConfigurationList = 64C6FB76294F773E008DBB17 /* Build configuration list for PBXNativeTarget "swiftui-fundamentalsTests" */;
			buildPhases = (
				64C6FB5B294F773E008DBB17 /* Sources */,
				64C6FB5C294F773E008DBB17 /* Frameworks */,
				64C6FB5D294F773E008DBB17 /* Resources */,
			);
			buildRules = (
			);
			dependencies = (
				64C6FB61294F773E008DBB17 /* PBXTargetDependency */,
			);
			name = "swiftui-fundamentalsTests";
			productName = "swiftui-fundamentalsTests";
			productReference = 64C6FB5F294F773E008DBB17 /* swiftui-fundamentalsTests.xctest */;
			productType = "com.apple.product-type.bundle.unit-test";
		};
		64C6FB68294F773E008DBB17 /* swiftui-fundamentalsUITests */ = {
			isa = PBXNativeTarget;
			buildConfigurationList = 64C6FB79294F773E008DBB17 /* Build configuration list for PBXNativeTarget "swiftui-fundamentalsUITests" */;
			buildPhases = (
				64C6FB65294F773E008DBB17 /* Sources */,
				64C6FB66294F773E008DBB17 /* Frameworks */,
				64C6FB67294F773E008DBB17 /* Resources */,
			);
			buildRules = (
			);
			dependencies = (
				64C6FB6B294F773E008DBB17 /* PBXTargetDependency */,
			);
			name = "swiftui-fundamentalsUITests";
			productName = "swiftui-fundamentalsUITests";
			productReference = 64C6FB69294F773E008DBB17 /* swiftui-fundamentalsUITests.xctest */;
			productType = "com.apple.product-type.bundle.ui-testing";
		};
/* End PBXNativeTarget section */

/* Begin PBXProject section */
		64C6FB47294F773D008DBB17 /* Project object */ = {
			isa = PBXProject;
			attributes = {
				BuildIndependentTargetsInParallel = 1;
				LastSwiftUpdateCheck = 1410;
				LastUpgradeCheck = 1410;
				ORGANIZATIONNAME = mjn2max.com;
				TargetAttributes = {
					64C6FB4E294F773D008DBB17 = {
						CreatedOnToolsVersion = 14.1;
					};
					64C6FB5E294F773E008DBB17 = {
						CreatedOnToolsVersion = 14.1;
						TestTargetID = 64C6FB4E294F773D008DBB17;
					};
					64C6FB68294F773E008DBB17 = {
						CreatedOnToolsVersion = 14.1;
						TestTargetID = 64C6FB4E294F773D008DBB17;
					};
				};
			};
			buildConfigurationList = 64C6FB4A294F773D008DBB17 /* Build configuration list for PBXProject "swiftui-fundamentals" */;
			compatibilityVersion = "Xcode 14.0";
			developmentRegion = en;
			hasScannedForEncodings = 0;
			knownRegions = (
				en,
				Base,
			);
			mainGroup = 64C6FB46294F773D008DBB17;
			productRefGroup = 64C6FB50294F773D008DBB17 /* Products */;
			projectDirPath = "";
			projectRoot = "";
			targets = (
				64C6FB4E294F773D008DBB17 /* swiftui-fundamentals */,
				64C6FB5E294F773E008DBB17 /* swiftui-fundamentalsTests */,
				64C6FB68294F773E008DBB17 /* swiftui-fundamentalsUITests */,
			);
		};
/* End PBXProject section */

/* Begin PBXResourcesBuildPhase section */
		64C6FB4D294F773D008DBB17 /* Resources */ = {
			isa = PBXResourcesBuildPhase;
			buildActionMask = 2147483647;
			files = (
				64C6FB5A294F773E008DBB17 /* Preview Assets.xcassets in Resources */,
				64C6FB57294F773E008DBB17 /* Assets.xcassets in Resources */,
			);
			runOnlyForDeploymentPostprocessing = 0;
		};
		64C6FB5D294F773E008DBB17 /* Resources */ = {
			isa = PBXResourcesBuildPhase;
			buildActionMask = 2147483647;
			files = (
			);
			runOnlyForDeploymentPostprocessing = 0;
		};
		64C6FB67294F773E008DBB17 /* Resources */ = {
			isa = PBXResourcesBuildPhase;
			buildActionMask = 2147483647;
			files = (
			);
			runOnlyForDeploymentPostprocessing = 0;
		};
/* End PBXResourcesBuildPhase section */

/* Begin PBXSourcesBuildPhase section */
		64C6FB4B294F773D008DBB17 /* Sources */ = {
			isa = PBXSourcesBuildPhase;
			buildActionMask = 2147483647;
			files = (
				64C6FB55294F773D008DBB17 /* ContentView.swift in Sources */,
				64C6FB53294F773D008DBB17 /* swiftui_fundamentalsApp.swift in Sources */,
			);
			runOnlyForDeploymentPostprocessing = 0;
		};
		64C6FB5B294F773E008DBB17 /* Sources */ = {
			isa = PBXSourcesBuildPhase;
			buildActionMask = 2147483647;
			files = (
				64C6FB64294F773E008DBB17 /* swiftui_fundamentalsTests.swift in Sources */,
			);
			runOnlyForDeploymentPostprocessing = 0;
		};
		64C6FB65294F773E008DBB17 /* Sources */ = {
			isa = PBXSourcesBuildPhase;
			buildActionMask = 2147483647;
			files = (
				64C6FB70294F773E008DBB17 /* swiftui_fundamentalsUITestsLaunchTests.swift in Sources */,
				64C6FB6E294F773E008DBB17 /* swiftui_fundamentalsUITests.swift in Sources */,
			);
			runOnlyForDeploymentPostprocessing = 0;
		};
/* End PBXSourcesBuildPhase section */

/* Begin PBXTargetDependency section */
		64C6FB61294F773E008DBB17 /* PBXTargetDependency */ = {
			isa = PBXTargetDependency;
			target = 64C6FB4E294F773D008DBB17 /* swiftui-fundamentals */;
			targetProxy = 64C6FB60294F773E008DBB17 /* PBXContainerItemProxy */;
		};
		64C6FB6B294F773E008DBB17 /* PBXTargetDependency */ = {
			isa = PBXTargetDependency;
			target = 64C6FB4E294F773D008DBB17 /* swiftui-fundamentals */;
			targetProxy = 64C6FB6A294F773E008DBB17 /* PBXContainerItemProxy */;
		};
/* End PBXTargetDependency section */

/* Begin XCBuildConfiguration section */
		64C6FB71294F773E008DBB17 /* Debug */ = {
			isa = XCBuildConfiguration;
			buildSettings = {
				ALWAYS_SEARCH_USER_PATHS = NO;
				CLANG_ANALYZER_NONNULL = YES;
				CLANG_ANALYZER_NUMBER_OBJECT_CONVERSION = YES_AGGRESSIVE;
				CLANG_CXX_LANGUAGE_STANDARD = "gnu++20";
				CLANG_ENABLE_MODULES = YES;
				CLANG_ENABLE_OBJC_ARC = YES;
				CLANG_ENABLE_OBJC_WEAK = YES;
				CLANG_WARN_BLOCK_CAPTURE_AUTORELEASING = YES;
				CLANG_WARN_BOOL_CONVERSION = YES;
				CLANG_WARN_COMMA = YES;
				CLANG_WARN_CONSTANT_CONVERSION = YES;
				CLANG_WARN_DEPRECATED_OBJC_IMPLEMENTATIONS = YES;
				CLANG_WARN_DIRECT_OBJC_ISA_USAGE = YES_ERROR;
				CLANG_WARN_DOCUMENTATION_COMMENTS = YES;
				CLANG_WARN_EMPTY_BODY = YES;
				CLANG_WARN_ENUM_CONVERSION = YES;
				CLANG_WARN_INFINITE_RECURSION = YES;
				CLANG_WARN_INT_CONVERSION = YES;
				CLANG_WARN_NON_LITERAL_NULL_CONVERSION = YES;
				CLANG_WARN_OBJC_IMPLICIT_RETAIN_SELF = YES;
				CLANG_WARN_OBJC_LITERAL_CONVERSION = YES;
				CLANG_WARN_OBJC_ROOT_CLASS = YES_ERROR;
				CLANG_WARN_QUOTED_INCLUDE_IN_FRAMEWORK_HEADER = YES;
				CLANG_WARN_RANGE_LOOP_ANALYSIS = YES;
				CLANG_WARN_STRICT_PROTOTYPES = YES;
				CLANG_WARN_SUSPICIOUS_MOVE = YES;
				CLANG_WARN_UNGUARDED_AVAILABILITY = YES_AGGRESSIVE;
				CLANG_WARN_UNREACHABLE_CODE = YES;
				CLANG_WARN__DUPLICATE_METHOD_MATCH = YES;
				COPY_PHASE_STRIP = NO;
				DEBUG_INFORMATION_FORMAT = dwarf;
				ENABLE_STRICT_OBJC_MSGSEND = YES;
				ENABLE_TESTABILITY = YES;
				GCC_C_LANGUAGE_STANDARD = gnu11;
				GCC_DYNAMIC_NO_PIC = NO;
				GCC_NO_COMMON_BLOCKS = YES;
				GCC_OPTIMIZATION_LEVEL = 0;
				GCC_PREPROCESSOR_DEFINITIONS = (
					"DEBUG=1",
					"$(inherited)",
				);
				GCC_WARN_64_TO_32_BIT_CONVERSION = YES;
				GCC_WARN_ABOUT_RETURN_TYPE = YES_ERROR;
				GCC_WARN_UNDECLARED_SELECTOR = YES;
				GCC_WARN_UNINITIALIZED_AUTOS = YES_AGGRESSIVE;
				GCC_WARN_UNUSED_FUNCTION = YES;
				GCC_WARN_UNUSED_VARIABLE = YES;
				IPHONEOS_DEPLOYMENT_TARGET = 16.1;
				MTL_ENABLE_DEBUG_INFO = INCLUDE_SOURCE;
				MTL_FAST_MATH = YES;
				ONLY_ACTIVE_ARCH = YES;
				SDKROOT = iphoneos;
				SWIFT_ACTIVE_COMPILATION_CONDITIONS = DEBUG;
				SWIFT_OPTIMIZATION_LEVEL = "-Onone";
			};
			name = Debug;
		};
		64C6FB72294F773E008DBB17 /* Release */ = {
			isa = XCBuildConfiguration;
			buildSettings = {
				ALWAYS_SEARCH_USER_PATHS = NO;
				CLANG_ANALYZER_NONNULL = YES;
				CLANG_ANALYZER_NUMBER_OBJECT_CONVERSION = YES_AGGRESSIVE;
				CLANG_CXX_LANGUAGE_STANDARD = "gnu++20";
				CLANG_ENABLE_MODULES = YES;
				CLANG_ENABLE_OBJC_ARC = YES;
				CLANG_ENABLE_OBJC_WEAK = YES;
				CLANG_WARN_BLOCK_CAPTURE_AUTORELEASING = YES;
				CLANG_WARN_BOOL_CONVERSION = YES;
				CLANG_WARN_COMMA = YES;
				CLANG_WARN_CONSTANT_CONVERSION = YES;
				CLANG_WARN_DEPRECATED_OBJC_IMPLEMENTATIONS = YES;
				CLANG_WARN_DIRECT_OBJC_ISA_USAGE = YES_ERROR;
				CLANG_WARN_DOCUMENTATION_COMMENTS = YES;
				CLANG_WARN_EMPTY_BODY = YES;
				CLANG_WARN_ENUM_CONVERSION = YES;
				CLANG_WARN_INFINITE_RECURSION = YES;
				CLANG_WARN_INT_CONVERSION = YES;
				CLANG_WARN_NON_LITERAL_NULL_CONVERSION = YES;
				CLANG_WARN_OBJC_IMPLICIT_RETAIN_SELF = YES;
				CLANG_WARN_OBJC_LITERAL_CONVERSION = YES;
				CLANG_WARN_OBJC_ROOT_CLASS = YES_ERROR;
				CLANG_WARN_QUOTED_INCLUDE_IN_FRAMEWORK_HEADER = YES;
				CLANG_WARN_RANGE_LOOP_ANALYSIS = YES;
				CLANG_WARN_STRICT_PROTOTYPES = YES;
				CLANG_WARN_SUSPICIOUS_MOVE = YES;
				CLANG_WARN_UNGUARDED_AVAILABILITY = YES_AGGRESSIVE;
				CLANG_WARN_UNREACHABLE_CODE = YES;
				CLANG_WARN__DUPLICATE_METHOD_MATCH = YES;
				COPY_PHASE_STRIP = NO;
				DEBUG_INFORMATION_FORMAT = "dwarf-with-dsym";
				ENABLE_NS_ASSERTIONS = NO;
				ENABLE_STRICT_OBJC_MSGSEND = YES;
				GCC_C_LANGUAGE_STANDARD = gnu11;
				GCC_NO_COMMON_BLOCKS = YES;
				GCC_WARN_64_TO_32_BIT_CONVERSION = YES;
				GCC_WARN_ABOUT_RETURN_TYPE = YES_ERROR;
				GCC_WARN_UNDECLARED_SELECTOR = YES;
				GCC_WARN_UNINITIALIZED_AUTOS = YES_AGGRESSIVE;
				GCC_WARN_UNUSED_FUNCTION = YES;
				GCC_WARN_UNUSED_VARIABLE = YES;
				IPHONEOS_DEPLOYMENT_TARGET = 16.1;
				MTL_ENABLE_DEBUG_INFO = NO;
				MTL_FAST_MATH = YES;
				SDKROOT = iphoneos;
				SWIFT_COMPILATION_MODE = wholemodule;
				SWIFT_OPTIMIZATION_LEVEL = "-O";
				VALIDATE_PRODUCT = YES;
			};
			name = Release;
		};
		64C6FB74294F773E008DBB17 /* Debug */ = {
			isa = XCBuildConfiguration;
			buildSettings = {
				ASSETCATALOG_COMPILER_APPICON_NAME = AppIcon;
				ASSETCATALOG_COMPILER_GLOBAL_ACCENT_COLOR_NAME = AccentColor;
				CODE_SIGN_STYLE = Automatic;
				CURRENT_PROJECT_VERSION = 1;
				DEVELOPMENT_ASSET_PATHS = "\"swiftui-fundamentals/Preview Content\"";
				ENABLE_PREVIEWS = YES;
				GENERATE_INFOPLIST_FILE = YES;
				INFOPLIST_KEY_UIApplicationSceneManifest_Generation = YES;
				INFOPLIST_KEY_UIApplicationSupportsIndirectInputEvents = YES;
				INFOPLIST_KEY_UILaunchScreen_Generation = YES;
				INFOPLIST_KEY_UISupportedInterfaceOrientations_iPad = "UIInterfaceOrientationPortrait UIInterfaceOrientationPortraitUpsideDown UIInterfaceOrientationLandscapeLeft UIInterfaceOrientationLandscapeRight";
				INFOPLIST_KEY_UISupportedInterfaceOrientations_iPhone = "UIInterfaceOrientationPortrait UIInterfaceOrientationLandscapeLeft UIInterfaceOrientationLandscapeRight";
				LD_RUNPATH_SEARCH_PATHS = (
					"$(inherited)",
					"@executable_path/Frameworks",
				);
				MARKETING_VERSION = 1.0;
				PRODUCT_BUNDLE_IDENTIFIER = "io.github.mjn2max.swiftui-fundamentals";
				PRODUCT_NAME = "$(TARGET_NAME)";
				SWIFT_EMIT_LOC_STRINGS = YES;
				SWIFT_VERSION = 5.0;
				TARGETED_DEVICE_FAMILY = "1,2";
			};
			name = Debug;
		};
		64C6FB75294F773E008DBB17 /* Release */ = {
			isa = XCBuildConfiguration;
			buildSettings = {
				ASSETCATALOG_COMPILER_APPICON_NAME = AppIcon;
				ASSETCATALOG_COMPILER_GLOBAL_ACCENT_COLOR_NAME = AccentColor;
				CODE_SIGN_STYLE = Automatic;
				CURRENT_PROJECT_VERSION = 1;
				DEVELOPMENT_ASSET_PATHS = "\"swiftui-fundamentals/Preview Content\"";
				ENABLE_PREVIEWS = YES;
				GENERATE_INFOPLIST_FILE = YES;
				INFOPLIST_KEY_UIApplicationSceneManifest_Generation = YES;
				INFOPLIST_KEY_UIApplicationSupportsIndirectInputEvents = YES;
				INFOPLIST_KEY_UILaunchScreen_Generation = YES;
				INFOPLIST_KEY_UISupportedInterfaceOrientations_iPad = "UIInterfaceOrientationPortrait UIInterfaceOrientationPortraitUpsideDown UIInterfaceOrientationLandscapeLeft UIInterfaceOrientationLandscapeRight";
				INFOPLIST_KEY_UISupportedInterfaceOrientations_iPhone = "UIInterfaceOrientationPortrait UIInterfaceOrientationLandscapeLeft UIInterfaceOrientationLandscapeRight";
				LD_RUNPATH_SEARCH_PATHS = (
					"$(inherited)",
					"@executable_path/Frameworks",
				);
				MARKETING_VERSION = 1.0;
				PRODUCT_BUNDLE_IDENTIFIER = "io.github.mjn2max.swiftui-fundamentals";
				PRODUCT_NAME = "$(TARGET_NAME)";
				SWIFT_EMIT_LOC_STRINGS = YES;
				SWIFT_VERSION = 5.0;
				TARGETED_DEVICE_FAMILY = "1,2";
			};
			name = Release;
		};
		64C6FB77294F773E008DBB17 /* Debug */ = {
			isa = XCBuildConfiguration;
			buildSettings = {
				ALWAYS_EMBED_SWIFT_STANDARD_LIBRARIES = YES;
				BUNDLE_LOADER = "$(TEST_HOST)";
				CODE_SIGN_STYLE = Automatic;
				CURRENT_PROJECT_VERSION = 1;
				GENERATE_INFOPLIST_FILE = YES;
				IPHONEOS_DEPLOYMENT_TARGET = 16.1;
				MARKETING_VERSION = 1.0;
				PRODUCT_BUNDLE_IDENTIFIER = "io.github.mjn2max.swiftui-fundamentalsTests";
				PRODUCT_NAME = "$(TARGET_NAME)";
				SWIFT_EMIT_LOC_STRINGS = NO;
				SWIFT_VERSION = 5.0;
				TARGETED_DEVICE_FAMILY = "1,2";
				TEST_HOST = "$(BUILT_PRODUCTS_DIR)/swiftui-fundamentals.app/$(BUNDLE_EXECUTABLE_FOLDER_PATH)/swiftui-fundamentals";
			};
			name = Debug;
		};
		64C6FB78294F773E008DBB17 /* Release */ = {
			isa = XCBuildConfiguration;
			buildSettings = {
				ALWAYS_EMBED_SWIFT_STANDARD_LIBRARIES = YES;
				BUNDLE_LOADER = "$(TEST_HOST)";
				CODE_SIGN_STYLE = Automatic;
				CURRENT_PROJECT_VERSION = 1;
				GENERATE_INFOPLIST_FILE = YES;
				IPHONEOS_DEPLOYMENT_TARGET = 16.1;
				MARKETING_VERSION = 1.0;
				PRODUCT_BUNDLE_IDENTIFIER = "io.github.mjn2max.swiftui-fundamentalsTests";
				PRODUCT_NAME = "$(TARGET_NAME)";
				SWIFT_EMIT_LOC_STRINGS = NO;
				SWIFT_VERSION = 5.0;
				TARGETED_DEVICE_FAMILY = "1,2";
				TEST_HOST = "$(BUILT_PRODUCTS_DIR)/swiftui-fundamentals.app/$(BUNDLE_EXECUTABLE_FOLDER_PATH)/swiftui-fundamentals";
			};
			name = Release;
		};
		64C6FB7A294F773E008DBB17 /* Debug */ = {
			isa = XCBuildConfiguration;
			buildSettings = {
				ALWAYS_EMBED_SWIFT_STANDARD_LIBRARIES = YES;
				CODE_SIGN_STYLE = Automatic;
				CURRENT_PROJECT_VERSION = 1;
				GENERATE_INFOPLIST_FILE = YES;
				MARKETING_VERSION = 1.0;
				PRODUCT_BUNDLE_IDENTIFIER = "io.github.mjn2max.swiftui-fundamentalsUITests";
				PRODUCT_NAME = "$(TARGET_NAME)";
				SWIFT_EMIT_LOC_STRINGS = NO;
				SWIFT_VERSION = 5.0;
				TARGETED_DEVICE_FAMILY = "1,2";
				TEST_TARGET_NAME = "swiftui-fundamentals";
			};
			name = Debug;
		};
		64C6FB7B294F773E008DBB17 /* Release */ = {
			isa = XCBuildConfiguration;
			buildSettings = {
				ALWAYS_EMBED_SWIFT_STANDARD_LIBRARIES = YES;
				CODE_SIGN_STYLE = Automatic;
				CURRENT_PROJECT_VERSION = 1;
				GENERATE_INFOPLIST_FILE = YES;
				MARKETING_VERSION = 1.0;
				PRODUCT_BUNDLE_IDENTIFIER = "io.github.mjn2max.swiftui-fundamentalsUITests";
				PRODUCT_NAME = "$(TARGET_NAME)";
				SWIFT_EMIT_LOC_STRINGS = NO;
				SWIFT_VERSION = 5.0;
				TARGETED_DEVICE_FAMILY = "1,2";
				TEST_TARGET_NAME = "swiftui-fundamentals";
			};
			name = Release;
		};
/* End XCBuildConfiguration section */

/* Begin XCConfigurationList section */
		64C6FB4A294F773D008DBB17 /* Build configuration list for PBXProject "swiftui-fundamentals" */ = {
			isa = XCConfigurationList;
			buildConfigurations = (
				64C6FB71294F773E008DBB17 /* Debug */,
				64C6FB72294F773E008DBB17 /* Release */,
			);
			defaultConfigurationIsVisible = 0;
			defaultConfigurationName = Release;
		};
		64C6FB73294F773E008DBB17 /* Build configuration list for PBXNativeTarget "swiftui-fundamentals" */ = {
			isa = XCConfigurationList;
			buildConfigurations = (
				64C6FB74294F773E008DBB17 /* Debug */,
				64C6FB75294F773E008DBB17 /* Release */,
			);
			defaultConfigurationIsVisible = 0;
			defaultConfigurationName = Release;
		};
		64C6FB76294F773E008DBB17 /* Build configuration list for PBXNativeTarget "swiftui-fundamentalsTests" */ = {
			isa = XCConfigurationList;
			buildConfigurations = (
				64C6FB77294F773E008DBB17 /* Debug */,
				64C6FB78294F773E008DBB17 /* Release */,
			);
			defaultConfigurationIsVisible = 0;
			defaultConfigurationName = Release;
		};
		64C6FB79294F773E008DBB17 /* Build configuration list for PBXNativeTarget "swiftui-fundamentalsUITests" */ = {
			isa = XCConfigurationList;
			buildConfigurations = (
				64C6FB7A294F773E008DBB17 /* Debug */,
				64C6FB7B294F773E008DBB17 /* Release */,
			);
			defaultConfigurationIsVisible = 0;
			defaultConfigurationName = Release;
		};
/* End XCConfigurationList section */
	};
	rootObject = 64C6FB47294F773D008DBB17 /* Project object */;
}
