// !$*UTF8*$!
{
	archiveVersion = 1;
	classes = {
	};
	objectVersion = 56;
	objects = {

/* Begin PBXBuildFile section */
		64C345692933DD2900307AE5 /* swiftui_appApp.swift in Sources */ = {isa = PBXBuildFile; fileRef = 64C345682933DD2900307AE5 /* swiftui_appApp.swift */; };
		64C3456B2933DD2900307AE5 /* ContentView.swift in Sources */ = {isa = PBXBuildFile; fileRef = 64C3456A2933DD2900307AE5 /* ContentView.swift */; };
		64C3456D2933DD2B00307AE5 /* Assets.xcassets in Resources */ = {isa = PBXBuildFile; fileRef = 64C3456C2933DD2B00307AE5 /* Assets.xcassets */; };
		64C345712933DD2B00307AE5 /* Preview Assets.xcassets in Resources */ = {isa = PBXBuildFile; fileRef = 64C345702933DD2B00307AE5 /* Preview Assets.xcassets */; };
		64C3457B2933DD2B00307AE5 /* swiftui_appTests.swift in Sources */ = {isa = PBXBuildFile; fileRef = 64C3457A2933DD2B00307AE5 /* swiftui_appTests.swift */; };
		64C345852933DD2B00307AE5 /* swiftui_appUITests.swift in Sources */ = {isa = PBXBuildFile; fileRef = 64C345842933DD2B00307AE5 /* swiftui_appUITests.swift */; };
		64C345872933DD2B00307AE5 /* swiftui_appUITestsLaunchTests.swift in Sources */ = {isa = PBXBuildFile; fileRef = 64C345862933DD2B00307AE5 /* swiftui_appUITestsLaunchTests.swift */; };
/* End PBXBuildFile section */

/* Begin PBXContainerItemProxy section */
		64C345772933DD2B00307AE5 /* PBXContainerItemProxy */ = {
			isa = PBXContainerItemProxy;
			containerPortal = 64C3455D2933DD2900307AE5 /* Project object */;
			proxyType = 1;
			remoteGlobalIDString = 64C345642933DD2900307AE5;
			remoteInfo = "swiftui-app";
		};
		64C345812933DD2B00307AE5 /* PBXContainerItemProxy */ = {
			isa = PBXContainerItemProxy;
			containerPortal = 64C3455D2933DD2900307AE5 /* Project object */;
			proxyType = 1;
			remoteGlobalIDString = 64C345642933DD2900307AE5;
			remoteInfo = "swiftui-app";
		};
/* End PBXContainerItemProxy section */

/* Begin PBXFileReference section */
		64C345652933DD2900307AE5 /* swiftui-app.app */ = {isa = PBXFileReference; explicitFileType = wrapper.application; includeInIndex = 0; path = "swiftui-app.app"; sourceTree = BUILT_PRODUCTS_DIR; };
		64C345682933DD2900307AE5 /* swiftui_appApp.swift */ = {isa = PBXFileReference; lastKnownFileType = sourcecode.swift; path = swiftui_appApp.swift; sourceTree = "<group>"; };
		64C3456A2933DD2900307AE5 /* ContentView.swift */ = {isa = PBXFileReference; lastKnownFileType = sourcecode.swift; path = ContentView.swift; sourceTree = "<group>"; };
		64C3456C2933DD2B00307AE5 /* Assets.xcassets */ = {isa = PBXFileReference; lastKnownFileType = folder.assetcatalog; path = Assets.xcassets; sourceTree = "<group>"; };
		64C3456E2933DD2B00307AE5 /* swiftui_app.entitlements */ = {isa = PBXFileReference; lastKnownFileType = text.plist.entitlements; path = swiftui_app.entitlements; sourceTree = "<group>"; };
		64C345702933DD2B00307AE5 /* Preview Assets.xcassets */ = {isa = PBXFileReference; lastKnownFileType = folder.assetcatalog; path = "Preview Assets.xcassets"; sourceTree = "<group>"; };
		64C345762933DD2B00307AE5 /* swiftui-appTests.xctest */ = {isa = PBXFileReference; explicitFileType = wrapper.cfbundle; includeInIndex = 0; path = "swiftui-appTests.xctest"; sourceTree = BUILT_PRODUCTS_DIR; };
		64C3457A2933DD2B00307AE5 /* swiftui_appTests.swift */ = {isa = PBXFileReference; lastKnownFileType = sourcecode.swift; path = swiftui_appTests.swift; sourceTree = "<group>"; };
		64C345802933DD2B00307AE5 /* swiftui-appUITests.xctest */ = {isa = PBXFileReference; explicitFileType = wrapper.cfbundle; includeInIndex = 0; path = "swiftui-appUITests.xctest"; sourceTree = BUILT_PRODUCTS_DIR; };
		64C345842933DD2B00307AE5 /* swiftui_appUITests.swift */ = {isa = PBXFileReference; lastKnownFileType = sourcecode.swift; path = swiftui_appUITests.swift; sourceTree = "<group>"; };
		64C345862933DD2B00307AE5 /* swiftui_appUITestsLaunchTests.swift */ = {isa = PBXFileReference; lastKnownFileType = sourcecode.swift; path = swiftui_appUITestsLaunchTests.swift; sourceTree = "<group>"; };
/* End PBXFileReference section */

/* Begin PBXFrameworksBuildPhase section */
		64C345622933DD2900307AE5 /* Frameworks */ = {
			isa = PBXFrameworksBuildPhase;
			buildActionMask = 2147483647;
			files = (
			);
			runOnlyForDeploymentPostprocessing = 0;
		};
		64C345732933DD2B00307AE5 /* Frameworks */ = {
			isa = PBXFrameworksBuildPhase;
			buildActionMask = 2147483647;
			files = (
			);
			runOnlyForDeploymentPostprocessing = 0;
		};
		64C3457D2933DD2B00307AE5 /* Frameworks */ = {
			isa = PBXFrameworksBuildPhase;
			buildActionMask = 2147483647;
			files = (
			);
			runOnlyForDeploymentPostprocessing = 0;
		};
/* End PBXFrameworksBuildPhase section */

/* Begin PBXGroup section */
		64C3455C2933DD2900307AE5 = {
			isa = PBXGroup;
			children = (
				64C345672933DD2900307AE5 /* swiftui-app */,
				64C345792933DD2B00307AE5 /* swiftui-appTests */,
				64C345832933DD2B00307AE5 /* swiftui-appUITests */,
				64C345662933DD2900307AE5 /* Products */,
			);
			sourceTree = "<group>";
		};
		64C345662933DD2900307AE5 /* Products */ = {
			isa = PBXGroup;
			children = (
				64C345652933DD2900307AE5 /* swiftui-app.app */,
				64C345762933DD2B00307AE5 /* swiftui-appTests.xctest */,
				64C345802933DD2B00307AE5 /* swiftui-appUITests.xctest */,
			);
			name = Products;
			sourceTree = "<group>";
		};
		64C345672933DD2900307AE5 /* swiftui-app */ = {
			isa = PBXGroup;
			children = (
				64C345682933DD2900307AE5 /* swiftui_appApp.swift */,
				64C3456A2933DD2900307AE5 /* ContentView.swift */,
				64C3456C2933DD2B00307AE5 /* Assets.xcassets */,
				64C3456E2933DD2B00307AE5 /* swiftui_app.entitlements */,
				64C3456F2933DD2B00307AE5 /* Preview Content */,
			);
			path = "swiftui-app";
			sourceTree = "<group>";
		};
		64C3456F2933DD2B00307AE5 /* Preview Content */ = {
			isa = PBXGroup;
			children = (
				64C345702933DD2B00307AE5 /* Preview Assets.xcassets */,
			);
			path = "Preview Content";
			sourceTree = "<group>";
		};
		64C345792933DD2B00307AE5 /* swiftui-appTests */ = {
			isa = PBXGroup;
			children = (
				64C3457A2933DD2B00307AE5 /* swiftui_appTests.swift */,
			);
			path = "swiftui-appTests";
			sourceTree = "<group>";
		};
		64C345832933DD2B00307AE5 /* swiftui-appUITests */ = {
			isa = PBXGroup;
			children = (
				64C345842933DD2B00307AE5 /* swiftui_appUITests.swift */,
				64C345862933DD2B00307AE5 /* swiftui_appUITestsLaunchTests.swift */,
			);
			path = "swiftui-appUITests";
			sourceTree = "<group>";
		};
/* End PBXGroup section */

/* Begin PBXNativeTarget section */
		64C345642933DD2900307AE5 /* swiftui-app */ = {
			isa = PBXNativeTarget;
			buildConfigurationList = 64C3458A2933DD2B00307AE5 /* Build configuration list for PBXNativeTarget "swiftui-app" */;
			buildPhases = (
				64C345612933DD2900307AE5 /* Sources */,
				64C345622933DD2900307AE5 /* Frameworks */,
				64C345632933DD2900307AE5 /* Resources */,
			);
			buildRules = (
			);
			dependencies = (
			);
			name = "swiftui-app";
			productName = "swiftui-app";
			productReference = 64C345652933DD2900307AE5 /* swiftui-app.app */;
			productType = "com.apple.product-type.application";
		};
		64C345752933DD2B00307AE5 /* swiftui-appTests */ = {
			isa = PBXNativeTarget;
			buildConfigurationList = 64C3458D2933DD2B00307AE5 /* Build configuration list for PBXNativeTarget "swiftui-appTests" */;
			buildPhases = (
				64C345722933DD2B00307AE5 /* Sources */,
				64C345732933DD2B00307AE5 /* Frameworks */,
				64C345742933DD2B00307AE5 /* Resources */,
			);
			buildRules = (
			);
			dependencies = (
				64C345782933DD2B00307AE5 /* PBXTargetDependency */,
			);
			name = "swiftui-appTests";
			productName = "swiftui-appTests";
			productReference = 64C345762933DD2B00307AE5 /* swiftui-appTests.xctest */;
			productType = "com.apple.product-type.bundle.unit-test";
		};
		64C3457F2933DD2B00307AE5 /* swiftui-appUITests */ = {
			isa = PBXNativeTarget;
			buildConfigurationList = 64C345902933DD2B00307AE5 /* Build configuration list for PBXNativeTarget "swiftui-appUITests" */;
			buildPhases = (
				64C3457C2933DD2B00307AE5 /* Sources */,
				64C3457D2933DD2B00307AE5 /* Frameworks */,
				64C3457E2933DD2B00307AE5 /* Resources */,
			);
			buildRules = (
			);
			dependencies = (
				64C345822933DD2B00307AE5 /* PBXTargetDependency */,
			);
			name = "swiftui-appUITests";
			productName = "swiftui-appUITests";
			productReference = 64C345802933DD2B00307AE5 /* swiftui-appUITests.xctest */;
			productType = "com.apple.product-type.bundle.ui-testing";
		};
/* End PBXNativeTarget section */

/* Begin PBXProject section */
		64C3455D2933DD2900307AE5 /* Project object */ = {
			isa = PBXProject;
			attributes = {
				BuildIndependentTargetsInParallel = 1;
				LastSwiftUpdateCheck = 1410;
				LastUpgradeCheck = 1410;
				TargetAttributes = {
					64C345642933DD2900307AE5 = {
						CreatedOnToolsVersion = 14.1;
					};
					64C345752933DD2B00307AE5 = {
						CreatedOnToolsVersion = 14.1;
						TestTargetID = 64C345642933DD2900307AE5;
					};
					64C3457F2933DD2B00307AE5 = {
						CreatedOnToolsVersion = 14.1;
						TestTargetID = 64C345642933DD2900307AE5;
					};
				};
			};
			buildConfigurationList = 64C345602933DD2900307AE5 /* Build configuration list for PBXProject "swiftui-app" */;
			compatibilityVersion = "Xcode 14.0";
			developmentRegion = en;
			hasScannedForEncodings = 0;
			knownRegions = (
				en,
				Base,
			);
			mainGroup = 64C3455C2933DD2900307AE5;
			productRefGroup = 64C345662933DD2900307AE5 /* Products */;
			projectDirPath = "";
			projectRoot = "";
			targets = (
				64C345642933DD2900307AE5 /* swiftui-app */,
				64C345752933DD2B00307AE5 /* swiftui-appTests */,
				64C3457F2933DD2B00307AE5 /* swiftui-appUITests */,
			);
		};
/* End PBXProject section */

/* Begin PBXResourcesBuildPhase section */
		64C345632933DD2900307AE5 /* Resources */ = {
			isa = PBXResourcesBuildPhase;
			buildActionMask = 2147483647;
			files = (
				64C345712933DD2B00307AE5 /* Preview Assets.xcassets in Resources */,
				64C3456D2933DD2B00307AE5 /* Assets.xcassets in Resources */,
			);
			runOnlyForDeploymentPostprocessing = 0;
		};
		64C345742933DD2B00307AE5 /* Resources */ = {
			isa = PBXResourcesBuildPhase;
			buildActionMask = 2147483647;
			files = (
			);
			runOnlyForDeploymentPostprocessing = 0;
		};
		64C3457E2933DD2B00307AE5 /* Resources */ = {
			isa = PBXResourcesBuildPhase;
			buildActionMask = 2147483647;
			files = (
			);
			runOnlyForDeploymentPostprocessing = 0;
		};
/* End PBXResourcesBuildPhase section */

/* Begin PBXSourcesBuildPhase section */
		64C345612933DD2900307AE5 /* Sources */ = {
			isa = PBXSourcesBuildPhase;
			buildActionMask = 2147483647;
			files = (
				64C3456B2933DD2900307AE5 /* ContentView.swift in Sources */,
				64C345692933DD2900307AE5 /* swiftui_appApp.swift in Sources */,
			);
			runOnlyForDeploymentPostprocessing = 0;
		};
		64C345722933DD2B00307AE5 /* Sources */ = {
			isa = PBXSourcesBuildPhase;
			buildActionMask = 2147483647;
			files = (
				64C3457B2933DD2B00307AE5 /* swiftui_appTests.swift in Sources */,
			);
			runOnlyForDeploymentPostprocessing = 0;
		};
		64C3457C2933DD2B00307AE5 /* Sources */ = {
			isa = PBXSourcesBuildPhase;
			buildActionMask = 2147483647;
			files = (
				64C345872933DD2B00307AE5 /* swiftui_appUITestsLaunchTests.swift in Sources */,
				64C345852933DD2B00307AE5 /* swiftui_appUITests.swift in Sources */,
			);
			runOnlyForDeploymentPostprocessing = 0;
		};
/* End PBXSourcesBuildPhase section */

/* Begin PBXTargetDependency section */
		64C345782933DD2B00307AE5 /* PBXTargetDependency */ = {
			isa = PBXTargetDependency;
			target = 64C345642933DD2900307AE5 /* swiftui-app */;
			targetProxy = 64C345772933DD2B00307AE5 /* PBXContainerItemProxy */;
		};
		64C345822933DD2B00307AE5 /* PBXTargetDependency */ = {
			isa = PBXTargetDependency;
			target = 64C345642933DD2900307AE5 /* swiftui-app */;
			targetProxy = 64C345812933DD2B00307AE5 /* PBXContainerItemProxy */;
		};
/* End PBXTargetDependency section */

/* Begin XCBuildConfiguration section */
		64C345882933DD2B00307AE5 /* Debug */ = {
			isa = XCBuildConfiguration;
			buildSettings = {
				ALWAYS_SEARCH_USER_PATHS = NO;
				CLANG_ANALYZER_NONNULL = YES;
				CLANG_ANALYZER_NUMBER_OBJECT_CONVERSION = YES_AGGRESSIVE;
				CLANG_CXX_LANGUAGE_STANDARD = "gnu++20";
				CLANG_ENABLE_MODULES = YES;
				CLANG_ENABLE_OBJC_ARC = YES;
				CLANG_ENABLE_OBJC_WEAK = YES;
				CLANG_WARN_BLOCK_CAPTURE_AUTORELEASING = YES;
				CLANG_WARN_BOOL_CONVERSION = YES;
				CLANG_WARN_COMMA = YES;
				CLANG_WARN_CONSTANT_CONVERSION = YES;
				CLANG_WARN_DEPRECATED_OBJC_IMPLEMENTATIONS = YES;
				CLANG_WARN_DIRECT_OBJC_ISA_USAGE = YES_ERROR;
				CLANG_WARN_DOCUMENTATION_COMMENTS = YES;
				CLANG_WARN_EMPTY_BODY = YES;
				CLANG_WARN_ENUM_CONVERSION = YES;
				CLANG_WARN_INFINITE_RECURSION = YES;
				CLANG_WARN_INT_CONVERSION = YES;
				CLANG_WARN_NON_LITERAL_NULL_CONVERSION = YES;
				CLANG_WARN_OBJC_IMPLICIT_RETAIN_SELF = YES;
				CLANG_WARN_OBJC_LITERAL_CONVERSION = YES;
				CLANG_WARN_OBJC_ROOT_CLASS = YES_ERROR;
				CLANG_WARN_QUOTED_INCLUDE_IN_FRAMEWORK_HEADER = YES;
				CLANG_WARN_RANGE_LOOP_ANALYSIS = YES;
				CLANG_WARN_STRICT_PROTOTYPES = YES;
				CLANG_WARN_SUSPICIOUS_MOVE = YES;
				CLANG_WARN_UNGUARDED_AVAILABILITY = YES_AGGRESSIVE;
				CLANG_WARN_UNREACHABLE_CODE = YES;
				CLANG_WARN__DUPLICATE_METHOD_MATCH = YES;
				COPY_PHASE_STRIP = NO;
				DEBUG_INFORMATION_FORMAT = dwarf;
				ENABLE_STRICT_OBJC_MSGSEND = YES;
				ENABLE_TESTABILITY = YES;
				GCC_C_LANGUAGE_STANDARD = gnu11;
				GCC_DYNAMIC_NO_PIC = NO;
				GCC_NO_COMMON_BLOCKS = YES;
				GCC_OPTIMIZATION_LEVEL = 0;
				GCC_PREPROCESSOR_DEFINITIONS = (
					"DEBUG=1",
					"$(inherited)",
				);
				GCC_WARN_64_TO_32_BIT_CONVERSION = YES;
				GCC_WARN_ABOUT_RETURN_TYPE = YES_ERROR;
				GCC_WARN_UNDECLARED_SELECTOR = YES;
				GCC_WARN_UNINITIALIZED_AUTOS = YES_AGGRESSIVE;
				GCC_WARN_UNUSED_FUNCTION = YES;
				GCC_WARN_UNUSED_VARIABLE = YES;
				MTL_ENABLE_DEBUG_INFO = INCLUDE_SOURCE;
				MTL_FAST_MATH = YES;
				ONLY_ACTIVE_ARCH = YES;
				SWIFT_ACTIVE_COMPILATION_CONDITIONS = DEBUG;
				SWIFT_OPTIMIZATION_LEVEL = "-Onone";
			};
			name = Debug;
		};
		64C345892933DD2B00307AE5 /* Release */ = {
			isa = XCBuildConfiguration;
			buildSettings = {
				ALWAYS_SEARCH_USER_PATHS = NO;
				CLANG_ANALYZER_NONNULL = YES;
				CLANG_ANALYZER_NUMBER_OBJECT_CONVERSION = YES_AGGRESSIVE;
				CLANG_CXX_LANGUAGE_STANDARD = "gnu++20";
				CLANG_ENABLE_MODULES = YES;
				CLANG_ENABLE_OBJC_ARC = YES;
				CLANG_ENABLE_OBJC_WEAK = YES;
				CLANG_WARN_BLOCK_CAPTURE_AUTORELEASING = YES;
				CLANG_WARN_BOOL_CONVERSION = YES;
				CLANG_WARN_COMMA = YES;
				CLANG_WARN_CONSTANT_CONVERSION = YES;
				CLANG_WARN_DEPRECATED_OBJC_IMPLEMENTATIONS = YES;
				CLANG_WARN_DIRECT_OBJC_ISA_USAGE = YES_ERROR;
				CLANG_WARN_DOCUMENTATION_COMMENTS = YES;
				CLANG_WARN_EMPTY_BODY = YES;
				CLANG_WARN_ENUM_CONVERSION = YES;
				CLANG_WARN_INFINITE_RECURSION = YES;
				CLANG_WARN_INT_CONVERSION = YES;
				CLANG_WARN_NON_LITERAL_NULL_CONVERSION = YES;
				CLANG_WARN_OBJC_IMPLICIT_RETAIN_SELF = YES;
				CLANG_WARN_OBJC_LITERAL_CONVERSION = YES;
				CLANG_WARN_OBJC_ROOT_CLASS = YES_ERROR;
				CLANG_WARN_QUOTED_INCLUDE_IN_FRAMEWORK_HEADER = YES;
				CLANG_WARN_RANGE_LOOP_ANALYSIS = YES;
				CLANG_WARN_STRICT_PROTOTYPES = YES;
				CLANG_WARN_SUSPICIOUS_MOVE = YES;
				CLANG_WARN_UNGUARDED_AVAILABILITY = YES_AGGRESSIVE;
				CLANG_WARN_UNREACHABLE_CODE = YES;
				CLANG_WARN__DUPLICATE_METHOD_MATCH = YES;
				COPY_PHASE_STRIP = NO;
				DEBUG_INFORMATION_FORMAT = "dwarf-with-dsym";
				ENABLE_NS_ASSERTIONS = NO;
				ENABLE_STRICT_OBJC_MSGSEND = YES;
				GCC_C_LANGUAGE_STANDARD = gnu11;
				GCC_NO_COMMON_BLOCKS = YES;
				GCC_WARN_64_TO_32_BIT_CONVERSION = YES;
				GCC_WARN_ABOUT_RETURN_TYPE = YES_ERROR;
				GCC_WARN_UNDECLARED_SELECTOR = YES;
				GCC_WARN_UNINITIALIZED_AUTOS = YES_AGGRESSIVE;
				GCC_WARN_UNUSED_FUNCTION = YES;
				GCC_WARN_UNUSED_VARIABLE = YES;
				MTL_ENABLE_DEBUG_INFO = NO;
				MTL_FAST_MATH = YES;
				SWIFT_COMPILATION_MODE = wholemodule;
				SWIFT_OPTIMIZATION_LEVEL = "-O";
			};
			name = Release;
		};
		64C3458B2933DD2B00307AE5 /* Debug */ = {
			isa = XCBuildConfiguration;
			buildSettings = {
				ASSETCATALOG_COMPILER_APPICON_NAME = AppIcon;
				ASSETCATALOG_COMPILER_GLOBAL_ACCENT_COLOR_NAME = AccentColor;
				CODE_SIGN_ENTITLEMENTS = "swiftui-app/swiftui_app.entitlements";
				CODE_SIGN_STYLE = Automatic;
				CURRENT_PROJECT_VERSION = 1;
				DEVELOPMENT_ASSET_PATHS = "\"swiftui-app/Preview Content\"";
				ENABLE_PREVIEWS = YES;
				GENERATE_INFOPLIST_FILE = YES;
				"INFOPLIST_KEY_UIApplicationSceneManifest_Generation[sdk=iphoneos*]" = YES;
				"INFOPLIST_KEY_UIApplicationSceneManifest_Generation[sdk=iphonesimulator*]" = YES;
				"INFOPLIST_KEY_UIApplicationSupportsIndirectInputEvents[sdk=iphoneos*]" = YES;
				"INFOPLIST_KEY_UIApplicationSupportsIndirectInputEvents[sdk=iphonesimulator*]" = YES;
				"INFOPLIST_KEY_UILaunchScreen_Generation[sdk=iphoneos*]" = YES;
				"INFOPLIST_KEY_UILaunchScreen_Generation[sdk=iphonesimulator*]" = YES;
				"INFOPLIST_KEY_UIStatusBarStyle[sdk=iphoneos*]" = UIStatusBarStyleDefault;
				"INFOPLIST_KEY_UIStatusBarStyle[sdk=iphonesimulator*]" = UIStatusBarStyleDefault;
				INFOPLIST_KEY_UISupportedInterfaceOrientations_iPad = "UIInterfaceOrientationPortrait UIInterfaceOrientationPortraitUpsideDown UIInterfaceOrientationLandscapeLeft UIInterfaceOrientationLandscapeRight";
				INFOPLIST_KEY_UISupportedInterfaceOrientations_iPhone = "UIInterfaceOrientationPortrait UIInterfaceOrientationLandscapeLeft UIInterfaceOrientationLandscapeRight";
				IPHONEOS_DEPLOYMENT_TARGET = 16.1;
				LD_RUNPATH_SEARCH_PATHS = "@executable_path/Frameworks";
				"LD_RUNPATH_SEARCH_PATHS[sdk=macosx*]" = "@executable_path/../Frameworks";
				MACOSX_DEPLOYMENT_TARGET = 13.0;
				MARKETING_VERSION = 1.0;
				PRODUCT_BUNDLE_IDENTIFIER = "io.github.mjn2max.swiftui-app";
				PRODUCT_NAME = "$(TARGET_NAME)";
				SDKROOT = auto;
				SUPPORTED_PLATFORMS = "iphoneos iphonesimulator macosx";
				SWIFT_EMIT_LOC_STRINGS = YES;
				SWIFT_VERSION = 5.0;
				TARGETED_DEVICE_FAMILY = "1,2";
			};
			name = Debug;
		};
		64C3458C2933DD2B00307AE5 /* Release */ = {
			isa = XCBuildConfiguration;
			buildSettings = {
				ASSETCATALOG_COMPILER_APPICON_NAME = AppIcon;
				ASSETCATALOG_COMPILER_GLOBAL_ACCENT_COLOR_NAME = AccentColor;
				CODE_SIGN_ENTITLEMENTS = "swiftui-app/swiftui_app.entitlements";
				CODE_SIGN_STYLE = Automatic;
				CURRENT_PROJECT_VERSION = 1;
				DEVELOPMENT_ASSET_PATHS = "\"swiftui-app/Preview Content\"";
				ENABLE_PREVIEWS = YES;
				GENERATE_INFOPLIST_FILE = YES;
				"INFOPLIST_KEY_UIApplicationSceneManifest_Generation[sdk=iphoneos*]" = YES;
				"INFOPLIST_KEY_UIApplicationSceneManifest_Generation[sdk=iphonesimulator*]" = YES;
				"INFOPLIST_KEY_UIApplicationSupportsIndirectInputEvents[sdk=iphoneos*]" = YES;
				"INFOPLIST_KEY_UIApplicationSupportsIndirectInputEvents[sdk=iphonesimulator*]" = YES;
				"INFOPLIST_KEY_UILaunchScreen_Generation[sdk=iphoneos*]" = YES;
				"INFOPLIST_KEY_UILaunchScreen_Generation[sdk=iphonesimulator*]" = YES;
				"INFOPLIST_KEY_UIStatusBarStyle[sdk=iphoneos*]" = UIStatusBarStyleDefault;
				"INFOPLIST_KEY_UIStatusBarStyle[sdk=iphonesimulator*]" = UIStatusBarStyleDefault;
				INFOPLIST_KEY_UISupportedInterfaceOrientations_iPad = "UIInterfaceOrientationPortrait UIInterfaceOrientationPortraitUpsideDown UIInterfaceOrientationLandscapeLeft UIInterfaceOrientationLandscapeRight";
				INFOPLIST_KEY_UISupportedInterfaceOrientations_iPhone = "UIInterfaceOrientationPortrait UIInterfaceOrientationLandscapeLeft UIInterfaceOrientationLandscapeRight";
				IPHONEOS_DEPLOYMENT_TARGET = 16.1;
				LD_RUNPATH_SEARCH_PATHS = "@executable_path/Frameworks";
				"LD_RUNPATH_SEARCH_PATHS[sdk=macosx*]" = "@executable_path/../Frameworks";
				MACOSX_DEPLOYMENT_TARGET = 13.0;
				MARKETING_VERSION = 1.0;
				PRODUCT_BUNDLE_IDENTIFIER = "io.github.mjn2max.swiftui-app";
				PRODUCT_NAME = "$(TARGET_NAME)";
				SDKROOT = auto;
				SUPPORTED_PLATFORMS = "iphoneos iphonesimulator macosx";
				SWIFT_EMIT_LOC_STRINGS = YES;
				SWIFT_VERSION = 5.0;
				TARGETED_DEVICE_FAMILY = "1,2";
			};
			name = Release;
		};
		64C3458E2933DD2B00307AE5 /* Debug */ = {
			isa = XCBuildConfiguration;
			buildSettings = {
				ALWAYS_EMBED_SWIFT_STANDARD_LIBRARIES = YES;
				BUNDLE_LOADER = "$(TEST_HOST)";
				CODE_SIGN_STYLE = Automatic;
				CURRENT_PROJECT_VERSION = 1;
				GENERATE_INFOPLIST_FILE = YES;
				IPHONEOS_DEPLOYMENT_TARGET = 16.1;
				MACOSX_DEPLOYMENT_TARGET = 13.0;
				MARKETING_VERSION = 1.0;
				PRODUCT_BUNDLE_IDENTIFIER = "io.github.mjn2max.swiftui-appTests";
				PRODUCT_NAME = "$(TARGET_NAME)";
				SDKROOT = auto;
				SUPPORTED_PLATFORMS = "iphoneos iphonesimulator macosx";
				SWIFT_EMIT_LOC_STRINGS = NO;
				SWIFT_VERSION = 5.0;
				TARGETED_DEVICE_FAMILY = "1,2";
				TEST_HOST = "$(BUILT_PRODUCTS_DIR)/swiftui-app.app/$(BUNDLE_EXECUTABLE_FOLDER_PATH)/swiftui-app";
			};
			name = Debug;
		};
		64C3458F2933DD2B00307AE5 /* Release */ = {
			isa = XCBuildConfiguration;
			buildSettings = {
				ALWAYS_EMBED_SWIFT_STANDARD_LIBRARIES = YES;
				BUNDLE_LOADER = "$(TEST_HOST)";
				CODE_SIGN_STYLE = Automatic;
				CURRENT_PROJECT_VERSION = 1;
				GENERATE_INFOPLIST_FILE = YES;
				IPHONEOS_DEPLOYMENT_TARGET = 16.1;
				MACOSX_DEPLOYMENT_TARGET = 13.0;
				MARKETING_VERSION = 1.0;
				PRODUCT_BUNDLE_IDENTIFIER = "io.github.mjn2max.swiftui-appTests";
				PRODUCT_NAME = "$(TARGET_NAME)";
				SDKROOT = auto;
				SUPPORTED_PLATFORMS = "iphoneos iphonesimulator macosx";
				SWIFT_EMIT_LOC_STRINGS = NO;
				SWIFT_VERSION = 5.0;
				TARGETED_DEVICE_FAMILY = "1,2";
				TEST_HOST = "$(BUILT_PRODUCTS_DIR)/swiftui-app.app/$(BUNDLE_EXECUTABLE_FOLDER_PATH)/swiftui-app";
			};
			name = Release;
		};
		64C345912933DD2B00307AE5 /* Debug */ = {
			isa = XCBuildConfiguration;
			buildSettings = {
				ALWAYS_EMBED_SWIFT_STANDARD_LIBRARIES = YES;
				CODE_SIGN_STYLE = Automatic;
				CURRENT_PROJECT_VERSION = 1;
				GENERATE_INFOPLIST_FILE = YES;
				IPHONEOS_DEPLOYMENT_TARGET = 16.1;
				MACOSX_DEPLOYMENT_TARGET = 13.0;
				MARKETING_VERSION = 1.0;
				PRODUCT_BUNDLE_IDENTIFIER = "io.github.mjn2max.swiftui-appUITests";
				PRODUCT_NAME = "$(TARGET_NAME)";
				SDKROOT = auto;
				SUPPORTED_PLATFORMS = "iphoneos iphonesimulator macosx";
				SWIFT_EMIT_LOC_STRINGS = NO;
				SWIFT_VERSION = 5.0;
				TARGETED_DEVICE_FAMILY = "1,2";
				TEST_TARGET_NAME = "swiftui-app";
			};
			name = Debug;
		};
		64C345922933DD2B00307AE5 /* Release */ = {
			isa = XCBuildConfiguration;
			buildSettings = {
				ALWAYS_EMBED_SWIFT_STANDARD_LIBRARIES = YES;
				CODE_SIGN_STYLE = Automatic;
				CURRENT_PROJECT_VERSION = 1;
				GENERATE_INFOPLIST_FILE = YES;
				IPHONEOS_DEPLOYMENT_TARGET = 16.1;
				MACOSX_DEPLOYMENT_TARGET = 13.0;
				MARKETING_VERSION = 1.0;
				PRODUCT_BUNDLE_IDENTIFIER = "io.github.mjn2max.swiftui-appUITests";
				PRODUCT_NAME = "$(TARGET_NAME)";
				SDKROOT = auto;
				SUPPORTED_PLATFORMS = "iphoneos iphonesimulator macosx";
				SWIFT_EMIT_LOC_STRINGS = NO;
				SWIFT_VERSION = 5.0;
				TARGETED_DEVICE_FAMILY = "1,2";
				TEST_TARGET_NAME = "swiftui-app";
			};
			name = Release;
		};
/* End XCBuildConfiguration section */

/* Begin XCConfigurationList section */
		64C345602933DD2900307AE5 /* Build configuration list for PBXProject "swiftui-app" */ = {
			isa = XCConfigurationList;
			buildConfigurations = (
				64C345882933DD2B00307AE5 /* Debug */,
				64C345892933DD2B00307AE5 /* Release */,
			);
			defaultConfigurationIsVisible = 0;
			defaultConfigurationName = Release;
		};
		64C3458A2933DD2B00307AE5 /* Build configuration list for PBXNativeTarget "swiftui-app" */ = {
			isa = XCConfigurationList;
			buildConfigurations = (
				64C3458B2933DD2B00307AE5 /* Debug */,
				64C3458C2933DD2B00307AE5 /* Release */,
			);
			defaultConfigurationIsVisible = 0;
			defaultConfigurationName = Release;
		};
		64C3458D2933DD2B00307AE5 /* Build configuration list for PBXNativeTarget "swiftui-appTests" */ = {
			isa = XCConfigurationList;
			buildConfigurations = (
				64C3458E2933DD2B00307AE5 /* Debug */,
				64C3458F2933DD2B00307AE5 /* Release */,
			);
			defaultConfigurationIsVisible = 0;
			defaultConfigurationName = Release;
		};
		64C345902933DD2B00307AE5 /* Build configuration list for PBXNativeTarget "swiftui-appUITests" */ = {
			isa = XCConfigurationList;
			buildConfigurations = (
				64C345912933DD2B00307AE5 /* Debug */,
				64C345922933DD2B00307AE5 /* Release */,
			);
			defaultConfigurationIsVisible = 0;
			defaultConfigurationName = Release;
		};
/* End XCConfigurationList section */
	};
	rootObject = 64C3455D2933DD2900307AE5 /* Project object */;
}
